<Solution>
  <Folder Name="/bench/">
    <Project Path="bench/Dbhq.Cpu6502.Bench/Dbhq.Cpu6502.Bench.csproj" />
    <Project Path="bench/Dbhq.Cpu6502.SpeedNative/Dbhq.Cpu6502.SpeedNative.csproj" />
    <Project Path="bench/Dbhq.Cpu6502.WasmBench/Dbhq.Cpu6502.WasmBench.csproj" />
  </Folder>
  <Folder Name="/src/">
    <Project Path="src/Dbhq.Cpu6502/Dbhq.Cpu6502.csproj" />
  </Folder>
  <Folder Name="/tools/">
    <Project Path="tools/Dbhq.Cpu6502.ChipTrace/Dbhq.Cpu6502.ChipTrace.csproj" />
  </Folder>
  <Folder Name="/tests/">
    <Project Path="tests/Dbhq.Cpu6502.Tests/Dbhq.Cpu6502.Tests.csproj" />
    <Project Path="tests/Dbhq.Cpu6502.TestSupport/Dbhq.Cpu6502.TestSupport.csproj" />
  </Folder>
</Solution>
